
Microsoft Visual Studio Solution File, Format Version 12.00
# Visual Studio 15
VisualStudioVersion = 15.0.27004.2009
MinimumVisualStudioVersion = 10.0.40219.1
Project("{FAE04EC0-301F-11D3-BF4B-00C04F79EFBC}") = "ZXingPlay.Android", "ZXingPlay\ZXingPlay.Android\ZXingPlay.Android.csproj", "{C3DD050D-5420-438A-B93D-AEB39F2838F1}"
EndProject
Project("{FAE04EC0-301F-11D3-BF4B-00C04F79EFBC}") = "ZXingPlay", "ZXingPlay\ZXingPlay\ZXingPlay.csproj", "{3011D2D0-3E5E-4B7E-8662-80417A10A218}"
EndProject
Project("{FAE04EC0-301F-11D3-BF4B-00C04F79EFBC}") = "ZXingPlay.UWP", "ZXingPlay\ZXingPlay.UWP\ZXingPlay.UWP.csproj", "{C8A9434C-2580-427D-B58B-9C5BF525CA1B}"
EndProject
Project("{FAE04EC0-301F-11D3-BF4B-00C04F79EFBC}") = "ZXingPlay.iOS", "ZXingPlay\ZXingPlay.iOS\ZXingPlay.iOS.csproj", "{D5622DAF-9A1A-47DA-B033-AA13DA2772A6}"
EndProject
Project("{2150E333-8FDC-42A3-9474-1A3956D46DE8}") = "Solution Items", "Solution Items", "{E75C18B8-3BAD-4229-8B90-477C7CDB1E98}"
	ProjectSection(SolutionItems) = preProject
		thots.txt = thots.txt
	EndProjectSection
EndProject
Global
	GlobalSection(SolutionConfigurationPlatforms) = preSolution
		Ad-Hoc|Any CPU = Ad-Hoc|Any CPU
		Ad-Hoc|ARM = Ad-Hoc|ARM
		Ad-Hoc|iPhone = Ad-Hoc|iPhone
		Ad-Hoc|iPhoneSimulator = Ad-Hoc|iPhoneSimulator
		Ad-Hoc|x64 = Ad-Hoc|x64
		Ad-Hoc|x86 = Ad-Hoc|x86
		AppStore|Any CPU = AppStore|Any CPU
		AppStore|ARM = AppStore|ARM
		AppStore|iPhone = AppStore|iPhone
		AppStore|iPhoneSimulator = AppStore|iPhoneSimulator
		AppStore|x64 = AppStore|x64
		AppStore|x86 = AppStore|x86
		Debug|Any CPU = Debug|Any CPU
		Debug|ARM = Debug|ARM
		Debug|iPhone = Debug|iPhone
		Debug|iPhoneSimulator = Debug|iPhoneSimulator
		Debug|x64 = Debug|x64
		Debug|x86 = Debug|x86
		Release|Any CPU = Release|Any CPU
		Release|ARM = Release|ARM
		Release|iPhone = Release|iPhone
		Release|iPhoneSimulator = Release|iPhoneSimulator
		Release|x64 = Release|x64
		Release|x86 = Release|x86
	EndGlobalSection
	GlobalSection(ProjectConfigurationPlatforms) = postSolution
		{C3DD050D-5420-438A-B93D-AEB39F2838F1}.Ad-Hoc|Any CPU.ActiveCfg = Release|Any CPU
		{C3DD050D-5420-438A-B93D-AEB39F2838F1}.Ad-Hoc|Any CPU.Build.0 = Release|Any CPU
		{C3DD050D-5420-438A-B93D-AEB39F2838F1}.Ad-Hoc|Any CPU.Deploy.0 = Release|Any CPU
		{C3DD050D-5420-438A-B93D-AEB39F2838F1}.Ad-Hoc|ARM.ActiveCfg = Release|Any CPU
		{C3DD050D-5420-438A-B93D-AEB39F2838F1}.Ad-Hoc|ARM.Build.0 = Release|Any CPU
		{C3DD050D-5420-438A-B93D-AEB39F2838F1}.Ad-Hoc|ARM.Deploy.0 = Release|Any CPU
		{C3DD050D-5420-438A-B93D-AEB39F2838F1}.Ad-Hoc|iPhone.ActiveCfg = Release|Any CPU
		{C3DD050D-5420-438A-B93D-AEB39F2838F1}.Ad-Hoc|iPhone.Build.0 = Release|Any CPU
		{C3DD050D-5420-438A-B93D-AEB39F2838F1}.Ad-Hoc|iPhone.Deploy.0 = Release|Any CPU
		{C3DD050D-5420-438A-B93D-AEB39F2838F1}.Ad-Hoc|iPhoneSimulator.ActiveCfg = Release|Any CPU
		{C3DD050D-5420-438A-B93D-AEB39F2838F1}.Ad-Hoc|iPhoneSimulator.Build.0 = Release|Any CPU
		{C3DD050D-5420-438A-B93D-AEB39F2838F1}.Ad-Hoc|iPhoneSimulator.Deploy.0 = Release|Any CPU
		{C3DD050D-5420-438A-B93D-AEB39F2838F1}.Ad-Hoc|x64.ActiveCfg = Release|Any CPU
		{C3DD050D-5420-438A-B93D-AEB39F2838F1}.Ad-Hoc|x64.Build.0 = Release|Any CPU
		{C3DD050D-5420-438A-B93D-AEB39F2838F1}.Ad-Hoc|x64.Deploy.0 = Release|Any CPU
		{C3DD050D-5420-438A-B93D-AEB39F2838F1}.Ad-Hoc|x86.ActiveCfg = Release|Any CPU
		{C3DD050D-5420-438A-B93D-AEB39F2838F1}.Ad-Hoc|x86.Build.0 = Release|Any CPU
		{C3DD050D-5420-438A-B93D-AEB39F2838F1}.Ad-Hoc|x86.Deploy.0 = Release|Any CPU
		{C3DD050D-5420-438A-B93D-AEB39F2838F1}.AppStore|Any CPU.ActiveCfg = Release|Any CPU
		{C3DD050D-5420-438A-B93D-AEB39F2838F1}.AppStore|Any CPU.Build.0 = Release|Any CPU
		{C3DD050D-5420-438A-B93D-AEB39F2838F1}.AppStore|Any CPU.Deploy.0 = Release|Any CPU
		{C3DD050D-5420-438A-B93D-AEB39F2838F1}.AppStore|ARM.ActiveCfg = Release|Any CPU
		{C3DD050D-5420-438A-B93D-AEB39F2838F1}.AppStore|ARM.Build.0 = Release|Any CPU
		{C3DD050D-5420-438A-B93D-AEB39F2838F1}.AppStore|ARM.Deploy.0 = Release|Any CPU
		{C3DD050D-5420-438A-B93D-AEB39F2838F1}.AppStore|iPhone.ActiveCfg = Release|Any CPU
		{C3DD050D-5420-438A-B93D-AEB39F2838F1}.AppStore|iPhone.Build.0 = Release|Any CPU
		{C3DD050D-5420-438A-B93D-AEB39F2838F1}.AppStore|iPhone.Deploy.0 = Release|Any CPU
		{C3DD050D-5420-438A-B93D-AEB39F2838F1}.AppStore|iPhoneSimulator.ActiveCfg = Release|Any CPU
		{C3DD050D-5420-438A-B93D-AEB39F2838F1}.AppStore|iPhoneSimulator.Build.0 = Release|Any CPU
		{C3DD050D-5420-438A-B93D-AEB39F2838F1}.AppStore|iPhoneSimulator.Deploy.0 = Release|Any CPU
		{C3DD050D-5420-438A-B93D-AEB39F2838F1}.AppStore|x64.ActiveCfg = Release|Any CPU
		{C3DD050D-5420-438A-B93D-AEB39F2838F1}.AppStore|x64.Build.0 = Release|Any CPU
		{C3DD050D-5420-438A-B93D-AEB39F2838F1}.AppStore|x64.Deploy.0 = Release|Any CPU
		{C3DD050D-5420-438A-B93D-AEB39F2838F1}.AppStore|x86.ActiveCfg = Release|Any CPU
		{C3DD050D-5420-438A-B93D-AEB39F2838F1}.AppStore|x86.Build.0 = Release|Any CPU
		{C3DD050D-5420-438A-B93D-AEB39F2838F1}.AppStore|x86.Deploy.0 = Release|Any CPU
		{C3DD050D-5420-438A-B93D-AEB39F2838F1}.Debug|Any CPU.ActiveCfg = Debug|Any CPU
		{C3DD050D-5420-438A-B93D-AEB39F2838F1}.Debug|Any CPU.Build.0 = Debug|Any CPU
		{C3DD050D-5420-438A-B93D-AEB39F2838F1}.Debug|Any CPU.Deploy.0 = Debug|Any CPU
		{C3DD050D-5420-438A-B93D-AEB39F2838F1}.Debug|ARM.ActiveCfg = Debug|Any CPU
		{C3DD050D-5420-438A-B93D-AEB39F2838F1}.Debug|ARM.Build.0 = Debug|Any CPU
		{C3DD050D-5420-438A-B93D-AEB39F2838F1}.Debug|ARM.Deploy.0 = Debug|Any CPU
		{C3DD050D-5420-438A-B93D-AEB39F2838F1}.Debug|iPhone.ActiveCfg = Debug|Any CPU
		{C3DD050D-5420-438A-B93D-AEB39F2838F1}.Debug|iPhone.Build.0 = Debug|Any CPU
		{C3DD050D-5420-438A-B93D-AEB39F2838F1}.Debug|iPhone.Deploy.0 = Debug|Any CPU
		{C3DD050D-5420-438A-B93D-AEB39F2838F1}.Debug|iPhoneSimulator.ActiveCfg = Debug|Any CPU
		{C3DD050D-5420-438A-B93D-AEB39F2838F1}.Debug|iPhoneSimulator.Build.0 = Debug|Any CPU
		{C3DD050D-5420-438A-B93D-AEB39F2838F1}.Debug|iPhoneSimulator.Deploy.0 = Debug|Any CPU
		{C3DD050D-5420-438A-B93D-AEB39F2838F1}.Debug|x64.ActiveCfg = Debug|Any CPU
		{C3DD050D-5420-438A-B93D-AEB39F2838F1}.Debug|x64.Build.0 = Debug|Any CPU
		{C3DD050D-5420-438A-B93D-AEB39F2838F1}.Debug|x64.Deploy.0 = Debug|Any CPU
		{C3DD050D-5420-438A-B93D-AEB39F2838F1}.Debug|x86.ActiveCfg = Debug|Any CPU
		{C3DD050D-5420-438A-B93D-AEB39F2838F1}.Debug|x86.Build.0 = Debug|Any CPU
		{C3DD050D-5420-438A-B93D-AEB39F2838F1}.Debug|x86.Deploy.0 = Debug|Any CPU
		{C3DD050D-5420-438A-B93D-AEB39F2838F1}.Release|Any CPU.ActiveCfg = Release|Any CPU
		{C3DD050D-5420-438A-B93D-AEB39F2838F1}.Release|Any CPU.Build.0 = Release|Any CPU
		{C3DD050D-5420-438A-B93D-AEB39F2838F1}.Release|Any CPU.Deploy.0 = Release|Any CPU
		{C3DD050D-5420-438A-B93D-AEB39F2838F1}.Release|ARM.ActiveCfg = Release|Any CPU
		{C3DD050D-5420-438A-B93D-AEB39F2838F1}.Release|ARM.Build.0 = Release|Any CPU
		{C3DD050D-5420-438A-B93D-AEB39F2838F1}.Release|ARM.Deploy.0 = Release|Any CPU
		{C3DD050D-5420-438A-B93D-AEB39F2838F1}.Release|iPhone.ActiveCfg = Release|Any CPU
		{C3DD050D-5420-438A-B93D-AEB39F2838F1}.Release|iPhone.Build.0 = Release|Any CPU
		{C3DD050D-5420-438A-B93D-AEB39F2838F1}.Release|iPhone.Deploy.0 = Release|Any CPU
		{C3DD050D-5420-438A-B93D-AEB39F2838F1}.Release|iPhoneSimulator.ActiveCfg = Release|Any CPU
		{C3DD050D-5420-438A-B93D-AEB39F2838F1}.Release|iPhoneSimulator.Build.0 = Release|Any CPU
		{C3DD050D-5420-438A-B93D-AEB39F2838F1}.Release|iPhoneSimulator.Deploy.0 = Release|Any CPU
		{C3DD050D-5420-438A-B93D-AEB39F2838F1}.Release|x64.ActiveCfg = Release|Any CPU
		{C3DD050D-5420-438A-B93D-AEB39F2838F1}.Release|x64.Build.0 = Release|Any CPU
		{C3DD050D-5420-438A-B93D-AEB39F2838F1}.Release|x64.Deploy.0 = Release|Any CPU
		{C3DD050D-5420-438A-B93D-AEB39F2838F1}.Release|x86.ActiveCfg = Release|Any CPU
		{C3DD050D-5420-438A-B93D-AEB39F2838F1}.Release|x86.Build.0 = Release|Any CPU
		{C3DD050D-5420-438A-B93D-AEB39F2838F1}.Release|x86.Deploy.0 = Release|Any CPU
		{3011D2D0-3E5E-4B7E-8662-80417A10A218}.Ad-Hoc|Any CPU.ActiveCfg = Release|Any CPU
		{3011D2D0-3E5E-4B7E-8662-80417A10A218}.Ad-Hoc|Any CPU.Build.0 = Release|Any CPU
		{3011D2D0-3E5E-4B7E-8662-80417A10A218}.Ad-Hoc|ARM.ActiveCfg = Release|Any CPU
		{3011D2D0-3E5E-4B7E-8662-80417A10A218}.Ad-Hoc|ARM.Build.0 = Release|Any CPU
		{3011D2D0-3E5E-4B7E-8662-80417A10A218}.Ad-Hoc|iPhone.ActiveCfg = Release|Any CPU
		{3011D2D0-3E5E-4B7E-8662-80417A10A218}.Ad-Hoc|iPhone.Build.0 = Release|Any CPU
		{3011D2D0-3E5E-4B7E-8662-80417A10A218}.Ad-Hoc|iPhoneSimulator.ActiveCfg = Release|Any CPU
		{3011D2D0-3E5E-4B7E-8662-80417A10A218}.Ad-Hoc|iPhoneSimulator.Build.0 = Release|Any CPU
		{3011D2D0-3E5E-4B7E-8662-80417A10A218}.Ad-Hoc|x64.ActiveCfg = Release|Any CPU
		{3011D2D0-3E5E-4B7E-8662-80417A10A218}.Ad-Hoc|x64.Build.0 = Release|Any CPU
		{3011D2D0-3E5E-4B7E-8662-80417A10A218}.Ad-Hoc|x86.ActiveCfg = Release|Any CPU
		{3011D2D0-3E5E-4B7E-8662-80417A10A218}.Ad-Hoc|x86.Build.0 = Release|Any CPU
		{3011D2D0-3E5E-4B7E-8662-80417A10A218}.AppStore|Any CPU.ActiveCfg = Release|Any CPU
		{3011D2D0-3E5E-4B7E-8662-80417A10A218}.AppStore|Any CPU.Build.0 = Release|Any CPU
		{3011D2D0-3E5E-4B7E-8662-80417A10A218}.AppStore|ARM.ActiveCfg = Release|Any CPU
		{3011D2D0-3E5E-4B7E-8662-80417A10A218}.AppStore|ARM.Build.0 = Release|Any CPU
		{3011D2D0-3E5E-4B7E-8662-80417A10A218}.AppStore|iPhone.ActiveCfg = Release|Any CPU
		{3011D2D0-3E5E-4B7E-8662-80417A10A218}.AppStore|iPhone.Build.0 = Release|Any CPU
		{3011D2D0-3E5E-4B7E-8662-80417A10A218}.AppStore|iPhoneSimulator.ActiveCfg = Release|Any CPU
		{3011D2D0-3E5E-4B7E-8662-80417A10A218}.AppStore|iPhoneSimulator.Build.0 = Release|Any CPU
		{3011D2D0-3E5E-4B7E-8662-80417A10A218}.AppStore|x64.ActiveCfg = Release|Any CPU
		{3011D2D0-3E5E-4B7E-8662-80417A10A218}.AppStore|x64.Build.0 = Release|Any CPU
		{3011D2D0-3E5E-4B7E-8662-80417A10A218}.AppStore|x86.ActiveCfg = Release|Any CPU
		{3011D2D0-3E5E-4B7E-8662-80417A10A218}.AppStore|x86.Build.0 = Release|Any CPU
		{3011D2D0-3E5E-4B7E-8662-80417A10A218}.Debug|Any CPU.ActiveCfg = Debug|Any CPU
		{3011D2D0-3E5E-4B7E-8662-80417A10A218}.Debug|Any CPU.Build.0 = Debug|Any CPU
		{3011D2D0-3E5E-4B7E-8662-80417A10A218}.Debug|ARM.ActiveCfg = Debug|Any CPU
		{3011D2D0-3E5E-4B7E-8662-80417A10A218}.Debug|ARM.Build.0 = Debug|Any CPU
		{3011D2D0-3E5E-4B7E-8662-80417A10A218}.Debug|iPhone.ActiveCfg = Debug|Any CPU
		{3011D2D0-3E5E-4B7E-8662-80417A10A218}.Debug|iPhone.Build.0 = Debug|Any CPU
		{3011D2D0-3E5E-4B7E-8662-80417A10A218}.Debug|iPhoneSimulator.ActiveCfg = Debug|Any CPU
		{3011D2D0-3E5E-4B7E-8662-80417A10A218}.Debug|iPhoneSimulator.Build.0 = Debug|Any CPU
		{3011D2D0-3E5E-4B7E-8662-80417A10A218}.Debug|x64.ActiveCfg = Debug|Any CPU
		{3011D2D0-3E5E-4B7E-8662-80417A10A218}.Debug|x64.Build.0 = Debug|Any CPU
		{3011D2D0-3E5E-4B7E-8662-80417A10A218}.Debug|x86.ActiveCfg = Debug|Any CPU
		{3011D2D0-3E5E-4B7E-8662-80417A10A218}.Debug|x86.Build.0 = Debug|Any CPU
		{3011D2D0-3E5E-4B7E-8662-80417A10A218}.Release|Any CPU.ActiveCfg = Release|Any CPU
		{3011D2D0-3E5E-4B7E-8662-80417A10A218}.Release|Any CPU.Build.0 = Release|Any CPU
		{3011D2D0-3E5E-4B7E-8662-80417A10A218}.Release|ARM.ActiveCfg = Release|Any CPU
		{3011D2D0-3E5E-4B7E-8662-80417A10A218}.Release|ARM.Build.0 = Release|Any CPU
		{3011D2D0-3E5E-4B7E-8662-80417A10A218}.Release|iPhone.ActiveCfg = Release|Any CPU
		{3011D2D0-3E5E-4B7E-8662-80417A10A218}.Release|iPhone.Build.0 = Release|Any CPU
		{3011D2D0-3E5E-4B7E-8662-80417A10A218}.Release|iPhoneSimulator.ActiveCfg = Release|Any CPU
		{3011D2D0-3E5E-4B7E-8662-80417A10A218}.Release|iPhoneSimulator.Build.0 = Release|Any CPU
		{3011D2D0-3E5E-4B7E-8662-80417A10A218}.Release|x64.ActiveCfg = Release|Any CPU
		{3011D2D0-3E5E-4B7E-8662-80417A10A218}.Release|x64.Build.0 = Release|Any CPU
		{3011D2D0-3E5E-4B7E-8662-80417A10A218}.Release|x86.ActiveCfg = Release|Any CPU
		{3011D2D0-3E5E-4B7E-8662-80417A10A218}.Release|x86.Build.0 = Release|Any CPU
		{C8A9434C-2580-427D-B58B-9C5BF525CA1B}.Ad-Hoc|Any CPU.ActiveCfg = Release|x86
		{C8A9434C-2580-427D-B58B-9C5BF525CA1B}.Ad-Hoc|Any CPU.Build.0 = Release|x86
		{C8A9434C-2580-427D-B58B-9C5BF525CA1B}.Ad-Hoc|Any CPU.Deploy.0 = Release|x86
		{C8A9434C-2580-427D-B58B-9C5BF525CA1B}.Ad-Hoc|ARM.ActiveCfg = Release|ARM
		{C8A9434C-2580-427D-B58B-9C5BF525CA1B}.Ad-Hoc|ARM.Build.0 = Release|ARM
		{C8A9434C-2580-427D-B58B-9C5BF525CA1B}.Ad-Hoc|ARM.Deploy.0 = Release|ARM
		{C8A9434C-2580-427D-B58B-9C5BF525CA1B}.Ad-Hoc|iPhone.ActiveCfg = Release|x86
		{C8A9434C-2580-427D-B58B-9C5BF525CA1B}.Ad-Hoc|iPhone.Build.0 = Release|x86
		{C8A9434C-2580-427D-B58B-9C5BF525CA1B}.Ad-Hoc|iPhone.Deploy.0 = Release|x86
		{C8A9434C-2580-427D-B58B-9C5BF525CA1B}.Ad-Hoc|iPhoneSimulator.ActiveCfg = Release|x86
		{C8A9434C-2580-427D-B58B-9C5BF525CA1B}.Ad-Hoc|iPhoneSimulator.Build.0 = Release|x86
		{C8A9434C-2580-427D-B58B-9C5BF525CA1B}.Ad-Hoc|iPhoneSimulator.Deploy.0 = Release|x86
		{C8A9434C-2580-427D-B58B-9C5BF525CA1B}.Ad-Hoc|x64.ActiveCfg = Release|x64
		{C8A9434C-2580-427D-B58B-9C5BF525CA1B}.Ad-Hoc|x64.Build.0 = Release|x64
		{C8A9434C-2580-427D-B58B-9C5BF525CA1B}.Ad-Hoc|x64.Deploy.0 = Release|x64
		{C8A9434C-2580-427D-B58B-9C5BF525CA1B}.Ad-Hoc|x86.ActiveCfg = Release|x86
		{C8A9434C-2580-427D-B58B-9C5BF525CA1B}.Ad-Hoc|x86.Build.0 = Release|x86
		{C8A9434C-2580-427D-B58B-9C5BF525CA1B}.Ad-Hoc|x86.Deploy.0 = Release|x86
		{C8A9434C-2580-427D-B58B-9C5BF525CA1B}.AppStore|Any CPU.ActiveCfg = Release|x86
		{C8A9434C-2580-427D-B58B-9C5BF525CA1B}.AppStore|Any CPU.Build.0 = Release|x86
		{C8A9434C-2580-427D-B58B-9C5BF525CA1B}.AppStore|Any CPU.Deploy.0 = Release|x86
		{C8A9434C-2580-427D-B58B-9C5BF525CA1B}.AppStore|ARM.ActiveCfg = Release|ARM
		{C8A9434C-2580-427D-B58B-9C5BF525CA1B}.AppStore|ARM.Build.0 = Release|ARM
		{C8A9434C-2580-427D-B58B-9C5BF525CA1B}.AppStore|ARM.Deploy.0 = Release|ARM
		{C8A9434C-2580-427D-B58B-9C5BF525CA1B}.AppStore|iPhone.ActiveCfg = Release|x86
		{C8A9434C-2580-427D-B58B-9C5BF525CA1B}.AppStore|iPhone.Build.0 = Release|x86
		{C8A9434C-2580-427D-B58B-9C5BF525CA1B}.AppStore|iPhone.Deploy.0 = Release|x86
		{C8A9434C-2580-427D-B58B-9C5BF525CA1B}.AppStore|iPhoneSimulator.ActiveCfg = Release|x86
		{C8A9434C-2580-427D-B58B-9C5BF525CA1B}.AppStore|iPhoneSimulator.Build.0 = Release|x86
		{C8A9434C-2580-427D-B58B-9C5BF525CA1B}.AppStore|iPhoneSimulator.Deploy.0 = Release|x86
		{C8A9434C-2580-427D-B58B-9C5BF525CA1B}.AppStore|x64.ActiveCfg = Release|x64
		{C8A9434C-2580-427D-B58B-9C5BF525CA1B}.AppStore|x64.Build.0 = Release|x64
		{C8A9434C-2580-427D-B58B-9C5BF525CA1B}.AppStore|x64.Deploy.0 = Release|x64
		{C8A9434C-2580-427D-B58B-9C5BF525CA1B}.AppStore|x86.ActiveCfg = Release|x86
		{C8A9434C-2580-427D-B58B-9C5BF525CA1B}.AppStore|x86.Build.0 = Release|x86
		{C8A9434C-2580-427D-B58B-9C5BF525CA1B}.AppStore|x86.Deploy.0 = Release|x86
		{C8A9434C-2580-427D-B58B-9C5BF525CA1B}.Debug|Any CPU.ActiveCfg = Debug|x86
		{C8A9434C-2580-427D-B58B-9C5BF525CA1B}.Debug|ARM.ActiveCfg = Debug|ARM
		{C8A9434C-2580-427D-B58B-9C5BF525CA1B}.Debug|ARM.Build.0 = Debug|ARM
		{C8A9434C-2580-427D-B58B-9C5BF525CA1B}.Debug|ARM.Deploy.0 = Debug|ARM
		{C8A9434C-2580-427D-B58B-9C5BF525CA1B}.Debug|iPhone.ActiveCfg = Debug|x86
		{C8A9434C-2580-427D-B58B-9C5BF525CA1B}.Debug|iPhoneSimulator.ActiveCfg = Debug|x86
		{C8A9434C-2580-427D-B58B-9C5BF525CA1B}.Debug|x64.ActiveCfg = Debug|x64
		{C8A9434C-2580-427D-B58B-9C5BF525CA1B}.Debug|x64.Build.0 = Debug|x64
		{C8A9434C-2580-427D-B58B-9C5BF525CA1B}.Debug|x64.Deploy.0 = Debug|x64
		{C8A9434C-2580-427D-B58B-9C5BF525CA1B}.Debug|x86.ActiveCfg = Debug|x86
		{C8A9434C-2580-427D-B58B-9C5BF525CA1B}.Debug|x86.Build.0 = Debug|x86
		{C8A9434C-2580-427D-B58B-9C5BF525CA1B}.Debug|x86.Deploy.0 = Debug|x86
		{C8A9434C-2580-427D-B58B-9C5BF525CA1B}.Release|Any CPU.ActiveCfg = Release|x86
		{C8A9434C-2580-427D-B58B-9C5BF525CA1B}.Release|ARM.ActiveCfg = Release|ARM
		{C8A9434C-2580-427D-B58B-9C5BF525CA1B}.Release|ARM.Build.0 = Release|ARM
		{C8A9434C-2580-427D-B58B-9C5BF525CA1B}.Release|ARM.Deploy.0 = Release|ARM
		{C8A9434C-2580-427D-B58B-9C5BF525CA1B}.Release|iPhone.ActiveCfg = Release|x86
		{C8A9434C-2580-427D-B58B-9C5BF525CA1B}.Release|iPhoneSimulator.ActiveCfg = Release|x86
		{C8A9434C-2580-427D-B58B-9C5BF525CA1B}.Release|x64.ActiveCfg = Release|x64
		{C8A9434C-2580-427D-B58B-9C5BF525CA1B}.Release|x64.Build.0 = Release|x64
		{C8A9434C-2580-427D-B58B-9C5BF525CA1B}.Release|x64.Deploy.0 = Release|x64
		{C8A9434C-2580-427D-B58B-9C5BF525CA1B}.Release|x86.ActiveCfg = Release|x86
		{C8A9434C-2580-427D-B58B-9C5BF525CA1B}.Release|x86.Build.0 = Release|x86
		{C8A9434C-2580-427D-B58B-9C5BF525CA1B}.Release|x86.Deploy.0 = Release|x86
		{D5622DAF-9A1A-47DA-B033-AA13DA2772A6}.Ad-Hoc|Any CPU.ActiveCfg = Ad-Hoc|iPhoneSimulator
		{D5622DAF-9A1A-47DA-B033-AA13DA2772A6}.Ad-Hoc|ARM.ActiveCfg = Ad-Hoc|iPhone
		{D5622DAF-9A1A-47DA-B033-AA13DA2772A6}.Ad-Hoc|iPhone.ActiveCfg = Ad-Hoc|iPhone
		{D5622DAF-9A1A-47DA-B033-AA13DA2772A6}.Ad-Hoc|iPhone.Build.0 = Ad-Hoc|iPhone
		{D5622DAF-9A1A-47DA-B033-AA13DA2772A6}.Ad-Hoc|iPhoneSimulator.ActiveCfg = Ad-Hoc|iPhoneSimulator
		{D5622DAF-9A1A-47DA-B033-AA13DA2772A6}.Ad-Hoc|iPhoneSimulator.Build.0 = Ad-Hoc|iPhoneSimulator
		{D5622DAF-9A1A-47DA-B033-AA13DA2772A6}.Ad-Hoc|x64.ActiveCfg = Ad-Hoc|iPhone
		{D5622DAF-9A1A-47DA-B033-AA13DA2772A6}.Ad-Hoc|x86.ActiveCfg = Ad-Hoc|iPhone
		{D5622DAF-9A1A-47DA-B033-AA13DA2772A6}.AppStore|Any CPU.ActiveCfg = AppStore|iPhoneSimulator
		{D5622DAF-9A1A-47DA-B033-AA13DA2772A6}.AppStore|ARM.ActiveCfg = AppStore|iPhone
		{D5622DAF-9A1A-47DA-B033-AA13DA2772A6}.AppStore|iPhone.ActiveCfg = AppStore|iPhone
		{D5622DAF-9A1A-47DA-B033-AA13DA2772A6}.AppStore|iPhone.Build.0 = AppStore|iPhone
		{D5622DAF-9A1A-47DA-B033-AA13DA2772A6}.AppStore|iPhoneSimulator.ActiveCfg = AppStore|iPhoneSimulator
		{D5622DAF-9A1A-47DA-B033-AA13DA2772A6}.AppStore|iPhoneSimulator.Build.0 = AppStore|iPhoneSimulator
		{D5622DAF-9A1A-47DA-B033-AA13DA2772A6}.AppStore|x64.ActiveCfg = AppStore|iPhone
		{D5622DAF-9A1A-47DA-B033-AA13DA2772A6}.AppStore|x86.ActiveCfg = AppStore|iPhone
		{D5622DAF-9A1A-47DA-B033-AA13DA2772A6}.Debug|Any CPU.ActiveCfg = Debug|iPhoneSimulator
		{D5622DAF-9A1A-47DA-B033-AA13DA2772A6}.Debug|ARM.ActiveCfg = Debug|iPhone
		{D5622DAF-9A1A-47DA-B033-AA13DA2772A6}.Debug|iPhone.ActiveCfg = Debug|iPhone
		{D5622DAF-9A1A-47DA-B033-AA13DA2772A6}.Debug|iPhone.Build.0 = Debug|iPhone
		{D5622DAF-9A1A-47DA-B033-AA13DA2772A6}.Debug|iPhoneSimulator.ActiveCfg = Debug|iPhoneSimulator
		{D5622DAF-9A1A-47DA-B033-AA13DA2772A6}.Debug|iPhoneSimulator.Build.0 = Debug|iPhoneSimulator
		{D5622DAF-9A1A-47DA-B033-AA13DA2772A6}.Debug|x64.ActiveCfg = Debug|iPhone
		{D5622DAF-9A1A-47DA-B033-AA13DA2772A6}.Debug|x86.ActiveCfg = Debug|iPhone
		{D5622DAF-9A1A-47DA-B033-AA13DA2772A6}.Release|Any CPU.ActiveCfg = Release|iPhoneSimulator
		{D5622DAF-9A1A-47DA-B033-AA13DA2772A6}.Release|ARM.ActiveCfg = Release|iPhone
		{D5622DAF-9A1A-47DA-B033-AA13DA2772A6}.Release|iPhone.ActiveCfg = Release|iPhone
		{D5622DAF-9A1A-47DA-B033-AA13DA2772A6}.Release|iPhone.Build.0 = Release|iPhone
		{D5622DAF-9A1A-47DA-B033-AA13DA2772A6}.Release|iPhoneSimulator.ActiveCfg = Release|iPhoneSimulator
		{D5622DAF-9A1A-47DA-B033-AA13DA2772A6}.Release|iPhoneSimulator.Build.0 = Release|iPhoneSimulator
		{D5622DAF-9A1A-47DA-B033-AA13DA2772A6}.Release|x64.ActiveCfg = Release|iPhone
		{D5622DAF-9A1A-47DA-B033-AA13DA2772A6}.Release|x86.ActiveCfg = Release|iPhone
	EndGlobalSection
	GlobalSection(SolutionProperties) = preSolution
		HideSolutionNode = FALSE
	EndGlobalSection
	GlobalSection(ExtensibilityGlobals) = postSolution
		SolutionGuid = {9F2B3C3D-A95A-42F5-AC90-39761C91CAD8}
	EndGlobalSection
EndGlobal
