
Microsoft Visual Studio Solution File, Format Version 12.00
# Visual Studio 15
VisualStudioVersion = 15.0.27004.2005
MinimumVisualStudioVersion = 10.0.40219.1
Project("{FAE04EC0-301F-11D3-BF4B-00C04F79EFBC}") = "HttpPlay.Android", "HttpPlay\HttpPlay.Android\HttpPlay.Android.csproj", "{387EF097-4CF4-4138-8C92-3E55914C01BB}"
EndProject
Project("{FAE04EC0-301F-11D3-BF4B-00C04F79EFBC}") = "HttpPlay", "HttpPlay\HttpPlay\HttpPlay.csproj", "{5D59B20A-5AB7-4082-A343-BB250F408201}"
EndProject
Project("{FAE04EC0-301F-11D3-BF4B-00C04F79EFBC}") = "HttpPlay.UWP", "HttpPlay\HttpPlay.UWP\HttpPlay.UWP.csproj", "{8088CD90-3527-4F6E-A5E3-DD98EB36210F}"
EndProject
Project("{FAE04EC0-301F-11D3-BF4B-00C04F79EFBC}") = "HttpPlay.iOS", "HttpPlay\HttpPlay.iOS\HttpPlay.iOS.csproj", "{6BEBF9A7-1161-4E94-A61D-38D0C302D4DA}"
EndProject
Global
	GlobalSection(SolutionConfigurationPlatforms) = preSolution
		Ad-Hoc|Any CPU = Ad-Hoc|Any CPU
		Ad-Hoc|ARM = Ad-Hoc|ARM
		Ad-Hoc|iPhone = Ad-Hoc|iPhone
		Ad-Hoc|iPhoneSimulator = Ad-Hoc|iPhoneSimulator
		Ad-Hoc|x64 = Ad-Hoc|x64
		Ad-Hoc|x86 = Ad-Hoc|x86
		AppStore|Any CPU = AppStore|Any CPU
		AppStore|ARM = AppStore|ARM
		AppStore|iPhone = AppStore|iPhone
		AppStore|iPhoneSimulator = AppStore|iPhoneSimulator
		AppStore|x64 = AppStore|x64
		AppStore|x86 = AppStore|x86
		Debug|Any CPU = Debug|Any CPU
		Debug|ARM = Debug|ARM
		Debug|iPhone = Debug|iPhone
		Debug|iPhoneSimulator = Debug|iPhoneSimulator
		Debug|x64 = Debug|x64
		Debug|x86 = Debug|x86
		Release|Any CPU = Release|Any CPU
		Release|ARM = Release|ARM
		Release|iPhone = Release|iPhone
		Release|iPhoneSimulator = Release|iPhoneSimulator
		Release|x64 = Release|x64
		Release|x86 = Release|x86
	EndGlobalSection
	GlobalSection(ProjectConfigurationPlatforms) = postSolution
		{387EF097-4CF4-4138-8C92-3E55914C01BB}.Ad-Hoc|Any CPU.ActiveCfg = Release|Any CPU
		{387EF097-4CF4-4138-8C92-3E55914C01BB}.Ad-Hoc|Any CPU.Build.0 = Release|Any CPU
		{387EF097-4CF4-4138-8C92-3E55914C01BB}.Ad-Hoc|Any CPU.Deploy.0 = Release|Any CPU
		{387EF097-4CF4-4138-8C92-3E55914C01BB}.Ad-Hoc|ARM.ActiveCfg = Release|Any CPU
		{387EF097-4CF4-4138-8C92-3E55914C01BB}.Ad-Hoc|ARM.Build.0 = Release|Any CPU
		{387EF097-4CF4-4138-8C92-3E55914C01BB}.Ad-Hoc|ARM.Deploy.0 = Release|Any CPU
		{387EF097-4CF4-4138-8C92-3E55914C01BB}.Ad-Hoc|iPhone.ActiveCfg = Release|Any CPU
		{387EF097-4CF4-4138-8C92-3E55914C01BB}.Ad-Hoc|iPhone.Build.0 = Release|Any CPU
		{387EF097-4CF4-4138-8C92-3E55914C01BB}.Ad-Hoc|iPhone.Deploy.0 = Release|Any CPU
		{387EF097-4CF4-4138-8C92-3E55914C01BB}.Ad-Hoc|iPhoneSimulator.ActiveCfg = Release|Any CPU
		{387EF097-4CF4-4138-8C92-3E55914C01BB}.Ad-Hoc|iPhoneSimulator.Build.0 = Release|Any CPU
		{387EF097-4CF4-4138-8C92-3E55914C01BB}.Ad-Hoc|iPhoneSimulator.Deploy.0 = Release|Any CPU
		{387EF097-4CF4-4138-8C92-3E55914C01BB}.Ad-Hoc|x64.ActiveCfg = Release|Any CPU
		{387EF097-4CF4-4138-8C92-3E55914C01BB}.Ad-Hoc|x64.Build.0 = Release|Any CPU
		{387EF097-4CF4-4138-8C92-3E55914C01BB}.Ad-Hoc|x64.Deploy.0 = Release|Any CPU
		{387EF097-4CF4-4138-8C92-3E55914C01BB}.Ad-Hoc|x86.ActiveCfg = Release|Any CPU
		{387EF097-4CF4-4138-8C92-3E55914C01BB}.Ad-Hoc|x86.Build.0 = Release|Any CPU
		{387EF097-4CF4-4138-8C92-3E55914C01BB}.Ad-Hoc|x86.Deploy.0 = Release|Any CPU
		{387EF097-4CF4-4138-8C92-3E55914C01BB}.AppStore|Any CPU.ActiveCfg = Release|Any CPU
		{387EF097-4CF4-4138-8C92-3E55914C01BB}.AppStore|Any CPU.Build.0 = Release|Any CPU
		{387EF097-4CF4-4138-8C92-3E55914C01BB}.AppStore|Any CPU.Deploy.0 = Release|Any CPU
		{387EF097-4CF4-4138-8C92-3E55914C01BB}.AppStore|ARM.ActiveCfg = Release|Any CPU
		{387EF097-4CF4-4138-8C92-3E55914C01BB}.AppStore|ARM.Build.0 = Release|Any CPU
		{387EF097-4CF4-4138-8C92-3E55914C01BB}.AppStore|ARM.Deploy.0 = Release|Any CPU
		{387EF097-4CF4-4138-8C92-3E55914C01BB}.AppStore|iPhone.ActiveCfg = Release|Any CPU
		{387EF097-4CF4-4138-8C92-3E55914C01BB}.AppStore|iPhone.Build.0 = Release|Any CPU
		{387EF097-4CF4-4138-8C92-3E55914C01BB}.AppStore|iPhone.Deploy.0 = Release|Any CPU
		{387EF097-4CF4-4138-8C92-3E55914C01BB}.AppStore|iPhoneSimulator.ActiveCfg = Release|Any CPU
		{387EF097-4CF4-4138-8C92-3E55914C01BB}.AppStore|iPhoneSimulator.Build.0 = Release|Any CPU
		{387EF097-4CF4-4138-8C92-3E55914C01BB}.AppStore|iPhoneSimulator.Deploy.0 = Release|Any CPU
		{387EF097-4CF4-4138-8C92-3E55914C01BB}.AppStore|x64.ActiveCfg = Release|Any CPU
		{387EF097-4CF4-4138-8C92-3E55914C01BB}.AppStore|x64.Build.0 = Release|Any CPU
		{387EF097-4CF4-4138-8C92-3E55914C01BB}.AppStore|x64.Deploy.0 = Release|Any CPU
		{387EF097-4CF4-4138-8C92-3E55914C01BB}.AppStore|x86.ActiveCfg = Release|Any CPU
		{387EF097-4CF4-4138-8C92-3E55914C01BB}.AppStore|x86.Build.0 = Release|Any CPU
		{387EF097-4CF4-4138-8C92-3E55914C01BB}.AppStore|x86.Deploy.0 = Release|Any CPU
		{387EF097-4CF4-4138-8C92-3E55914C01BB}.Debug|Any CPU.ActiveCfg = Debug|Any CPU
		{387EF097-4CF4-4138-8C92-3E55914C01BB}.Debug|Any CPU.Build.0 = Debug|Any CPU
		{387EF097-4CF4-4138-8C92-3E55914C01BB}.Debug|Any CPU.Deploy.0 = Debug|Any CPU
		{387EF097-4CF4-4138-8C92-3E55914C01BB}.Debug|ARM.ActiveCfg = Debug|Any CPU
		{387EF097-4CF4-4138-8C92-3E55914C01BB}.Debug|ARM.Build.0 = Debug|Any CPU
		{387EF097-4CF4-4138-8C92-3E55914C01BB}.Debug|ARM.Deploy.0 = Debug|Any CPU
		{387EF097-4CF4-4138-8C92-3E55914C01BB}.Debug|iPhone.ActiveCfg = Debug|Any CPU
		{387EF097-4CF4-4138-8C92-3E55914C01BB}.Debug|iPhone.Build.0 = Debug|Any CPU
		{387EF097-4CF4-4138-8C92-3E55914C01BB}.Debug|iPhone.Deploy.0 = Debug|Any CPU
		{387EF097-4CF4-4138-8C92-3E55914C01BB}.Debug|iPhoneSimulator.ActiveCfg = Debug|Any CPU
		{387EF097-4CF4-4138-8C92-3E55914C01BB}.Debug|iPhoneSimulator.Build.0 = Debug|Any CPU
		{387EF097-4CF4-4138-8C92-3E55914C01BB}.Debug|iPhoneSimulator.Deploy.0 = Debug|Any CPU
		{387EF097-4CF4-4138-8C92-3E55914C01BB}.Debug|x64.ActiveCfg = Debug|Any CPU
		{387EF097-4CF4-4138-8C92-3E55914C01BB}.Debug|x64.Build.0 = Debug|Any CPU
		{387EF097-4CF4-4138-8C92-3E55914C01BB}.Debug|x64.Deploy.0 = Debug|Any CPU
		{387EF097-4CF4-4138-8C92-3E55914C01BB}.Debug|x86.ActiveCfg = Debug|Any CPU
		{387EF097-4CF4-4138-8C92-3E55914C01BB}.Debug|x86.Build.0 = Debug|Any CPU
		{387EF097-4CF4-4138-8C92-3E55914C01BB}.Debug|x86.Deploy.0 = Debug|Any CPU
		{387EF097-4CF4-4138-8C92-3E55914C01BB}.Release|Any CPU.ActiveCfg = Release|Any CPU
		{387EF097-4CF4-4138-8C92-3E55914C01BB}.Release|Any CPU.Build.0 = Release|Any CPU
		{387EF097-4CF4-4138-8C92-3E55914C01BB}.Release|Any CPU.Deploy.0 = Release|Any CPU
		{387EF097-4CF4-4138-8C92-3E55914C01BB}.Release|ARM.ActiveCfg = Release|Any CPU
		{387EF097-4CF4-4138-8C92-3E55914C01BB}.Release|ARM.Build.0 = Release|Any CPU
		{387EF097-4CF4-4138-8C92-3E55914C01BB}.Release|ARM.Deploy.0 = Release|Any CPU
		{387EF097-4CF4-4138-8C92-3E55914C01BB}.Release|iPhone.ActiveCfg = Release|Any CPU
		{387EF097-4CF4-4138-8C92-3E55914C01BB}.Release|iPhone.Build.0 = Release|Any CPU
		{387EF097-4CF4-4138-8C92-3E55914C01BB}.Release|iPhone.Deploy.0 = Release|Any CPU
		{387EF097-4CF4-4138-8C92-3E55914C01BB}.Release|iPhoneSimulator.ActiveCfg = Release|Any CPU
		{387EF097-4CF4-4138-8C92-3E55914C01BB}.Release|iPhoneSimulator.Build.0 = Release|Any CPU
		{387EF097-4CF4-4138-8C92-3E55914C01BB}.Release|iPhoneSimulator.Deploy.0 = Release|Any CPU
		{387EF097-4CF4-4138-8C92-3E55914C01BB}.Release|x64.ActiveCfg = Release|Any CPU
		{387EF097-4CF4-4138-8C92-3E55914C01BB}.Release|x64.Build.0 = Release|Any CPU
		{387EF097-4CF4-4138-8C92-3E55914C01BB}.Release|x64.Deploy.0 = Release|Any CPU
		{387EF097-4CF4-4138-8C92-3E55914C01BB}.Release|x86.ActiveCfg = Release|Any CPU
		{387EF097-4CF4-4138-8C92-3E55914C01BB}.Release|x86.Build.0 = Release|Any CPU
		{387EF097-4CF4-4138-8C92-3E55914C01BB}.Release|x86.Deploy.0 = Release|Any CPU
		{5D59B20A-5AB7-4082-A343-BB250F408201}.Ad-Hoc|Any CPU.ActiveCfg = Release|Any CPU
		{5D59B20A-5AB7-4082-A343-BB250F408201}.Ad-Hoc|Any CPU.Build.0 = Release|Any CPU
		{5D59B20A-5AB7-4082-A343-BB250F408201}.Ad-Hoc|ARM.ActiveCfg = Release|Any CPU
		{5D59B20A-5AB7-4082-A343-BB250F408201}.Ad-Hoc|ARM.Build.0 = Release|Any CPU
		{5D59B20A-5AB7-4082-A343-BB250F408201}.Ad-Hoc|iPhone.ActiveCfg = Release|Any CPU
		{5D59B20A-5AB7-4082-A343-BB250F408201}.Ad-Hoc|iPhone.Build.0 = Release|Any CPU
		{5D59B20A-5AB7-4082-A343-BB250F408201}.Ad-Hoc|iPhoneSimulator.ActiveCfg = Release|Any CPU
		{5D59B20A-5AB7-4082-A343-BB250F408201}.Ad-Hoc|iPhoneSimulator.Build.0 = Release|Any CPU
		{5D59B20A-5AB7-4082-A343-BB250F408201}.Ad-Hoc|x64.ActiveCfg = Release|Any CPU
		{5D59B20A-5AB7-4082-A343-BB250F408201}.Ad-Hoc|x64.Build.0 = Release|Any CPU
		{5D59B20A-5AB7-4082-A343-BB250F408201}.Ad-Hoc|x86.ActiveCfg = Release|Any CPU
		{5D59B20A-5AB7-4082-A343-BB250F408201}.Ad-Hoc|x86.Build.0 = Release|Any CPU
		{5D59B20A-5AB7-4082-A343-BB250F408201}.AppStore|Any CPU.ActiveCfg = Release|Any CPU
		{5D59B20A-5AB7-4082-A343-BB250F408201}.AppStore|Any CPU.Build.0 = Release|Any CPU
		{5D59B20A-5AB7-4082-A343-BB250F408201}.AppStore|ARM.ActiveCfg = Release|Any CPU
		{5D59B20A-5AB7-4082-A343-BB250F408201}.AppStore|ARM.Build.0 = Release|Any CPU
		{5D59B20A-5AB7-4082-A343-BB250F408201}.AppStore|iPhone.ActiveCfg = Release|Any CPU
		{5D59B20A-5AB7-4082-A343-BB250F408201}.AppStore|iPhone.Build.0 = Release|Any CPU
		{5D59B20A-5AB7-4082-A343-BB250F408201}.AppStore|iPhoneSimulator.ActiveCfg = Release|Any CPU
		{5D59B20A-5AB7-4082-A343-BB250F408201}.AppStore|iPhoneSimulator.Build.0 = Release|Any CPU
		{5D59B20A-5AB7-4082-A343-BB250F408201}.AppStore|x64.ActiveCfg = Release|Any CPU
		{5D59B20A-5AB7-4082-A343-BB250F408201}.AppStore|x64.Build.0 = Release|Any CPU
		{5D59B20A-5AB7-4082-A343-BB250F408201}.AppStore|x86.ActiveCfg = Release|Any CPU
		{5D59B20A-5AB7-4082-A343-BB250F408201}.AppStore|x86.Build.0 = Release|Any CPU
		{5D59B20A-5AB7-4082-A343-BB250F408201}.Debug|Any CPU.ActiveCfg = Debug|Any CPU
		{5D59B20A-5AB7-4082-A343-BB250F408201}.Debug|Any CPU.Build.0 = Debug|Any CPU
		{5D59B20A-5AB7-4082-A343-BB250F408201}.Debug|ARM.ActiveCfg = Debug|Any CPU
		{5D59B20A-5AB7-4082-A343-BB250F408201}.Debug|ARM.Build.0 = Debug|Any CPU
		{5D59B20A-5AB7-4082-A343-BB250F408201}.Debug|iPhone.ActiveCfg = Debug|Any CPU
		{5D59B20A-5AB7-4082-A343-BB250F408201}.Debug|iPhone.Build.0 = Debug|Any CPU
		{5D59B20A-5AB7-4082-A343-BB250F408201}.Debug|iPhoneSimulator.ActiveCfg = Debug|Any CPU
		{5D59B20A-5AB7-4082-A343-BB250F408201}.Debug|iPhoneSimulator.Build.0 = Debug|Any CPU
		{5D59B20A-5AB7-4082-A343-BB250F408201}.Debug|x64.ActiveCfg = Debug|Any CPU
		{5D59B20A-5AB7-4082-A343-BB250F408201}.Debug|x64.Build.0 = Debug|Any CPU
		{5D59B20A-5AB7-4082-A343-BB250F408201}.Debug|x86.ActiveCfg = Debug|Any CPU
		{5D59B20A-5AB7-4082-A343-BB250F408201}.Debug|x86.Build.0 = Debug|Any CPU
		{5D59B20A-5AB7-4082-A343-BB250F408201}.Release|Any CPU.ActiveCfg = Release|Any CPU
		{5D59B20A-5AB7-4082-A343-BB250F408201}.Release|Any CPU.Build.0 = Release|Any CPU
		{5D59B20A-5AB7-4082-A343-BB250F408201}.Release|ARM.ActiveCfg = Release|Any CPU
		{5D59B20A-5AB7-4082-A343-BB250F408201}.Release|ARM.Build.0 = Release|Any CPU
		{5D59B20A-5AB7-4082-A343-BB250F408201}.Release|iPhone.ActiveCfg = Release|Any CPU
		{5D59B20A-5AB7-4082-A343-BB250F408201}.Release|iPhone.Build.0 = Release|Any CPU
		{5D59B20A-5AB7-4082-A343-BB250F408201}.Release|iPhoneSimulator.ActiveCfg = Release|Any CPU
		{5D59B20A-5AB7-4082-A343-BB250F408201}.Release|iPhoneSimulator.Build.0 = Release|Any CPU
		{5D59B20A-5AB7-4082-A343-BB250F408201}.Release|x64.ActiveCfg = Release|Any CPU
		{5D59B20A-5AB7-4082-A343-BB250F408201}.Release|x64.Build.0 = Release|Any CPU
		{5D59B20A-5AB7-4082-A343-BB250F408201}.Release|x86.ActiveCfg = Release|Any CPU
		{5D59B20A-5AB7-4082-A343-BB250F408201}.Release|x86.Build.0 = Release|Any CPU
		{8088CD90-3527-4F6E-A5E3-DD98EB36210F}.Ad-Hoc|Any CPU.ActiveCfg = Release|x86
		{8088CD90-3527-4F6E-A5E3-DD98EB36210F}.Ad-Hoc|Any CPU.Build.0 = Release|x86
		{8088CD90-3527-4F6E-A5E3-DD98EB36210F}.Ad-Hoc|Any CPU.Deploy.0 = Release|x86
		{8088CD90-3527-4F6E-A5E3-DD98EB36210F}.Ad-Hoc|ARM.ActiveCfg = Release|ARM
		{8088CD90-3527-4F6E-A5E3-DD98EB36210F}.Ad-Hoc|ARM.Build.0 = Release|ARM
		{8088CD90-3527-4F6E-A5E3-DD98EB36210F}.Ad-Hoc|ARM.Deploy.0 = Release|ARM
		{8088CD90-3527-4F6E-A5E3-DD98EB36210F}.Ad-Hoc|iPhone.ActiveCfg = Release|x86
		{8088CD90-3527-4F6E-A5E3-DD98EB36210F}.Ad-Hoc|iPhone.Build.0 = Release|x86
		{8088CD90-3527-4F6E-A5E3-DD98EB36210F}.Ad-Hoc|iPhone.Deploy.0 = Release|x86
		{8088CD90-3527-4F6E-A5E3-DD98EB36210F}.Ad-Hoc|iPhoneSimulator.ActiveCfg = Release|x86
		{8088CD90-3527-4F6E-A5E3-DD98EB36210F}.Ad-Hoc|iPhoneSimulator.Build.0 = Release|x86
		{8088CD90-3527-4F6E-A5E3-DD98EB36210F}.Ad-Hoc|iPhoneSimulator.Deploy.0 = Release|x86
		{8088CD90-3527-4F6E-A5E3-DD98EB36210F}.Ad-Hoc|x64.ActiveCfg = Release|x64
		{8088CD90-3527-4F6E-A5E3-DD98EB36210F}.Ad-Hoc|x64.Build.0 = Release|x64
		{8088CD90-3527-4F6E-A5E3-DD98EB36210F}.Ad-Hoc|x64.Deploy.0 = Release|x64
		{8088CD90-3527-4F6E-A5E3-DD98EB36210F}.Ad-Hoc|x86.ActiveCfg = Release|x86
		{8088CD90-3527-4F6E-A5E3-DD98EB36210F}.Ad-Hoc|x86.Build.0 = Release|x86
		{8088CD90-3527-4F6E-A5E3-DD98EB36210F}.Ad-Hoc|x86.Deploy.0 = Release|x86
		{8088CD90-3527-4F6E-A5E3-DD98EB36210F}.AppStore|Any CPU.ActiveCfg = Release|x86
		{8088CD90-3527-4F6E-A5E3-DD98EB36210F}.AppStore|Any CPU.Build.0 = Release|x86
		{8088CD90-3527-4F6E-A5E3-DD98EB36210F}.AppStore|Any CPU.Deploy.0 = Release|x86
		{8088CD90-3527-4F6E-A5E3-DD98EB36210F}.AppStore|ARM.ActiveCfg = Release|ARM
		{8088CD90-3527-4F6E-A5E3-DD98EB36210F}.AppStore|ARM.Build.0 = Release|ARM
		{8088CD90-3527-4F6E-A5E3-DD98EB36210F}.AppStore|ARM.Deploy.0 = Release|ARM
		{8088CD90-3527-4F6E-A5E3-DD98EB36210F}.AppStore|iPhone.ActiveCfg = Release|x86
		{8088CD90-3527-4F6E-A5E3-DD98EB36210F}.AppStore|iPhone.Build.0 = Release|x86
		{8088CD90-3527-4F6E-A5E3-DD98EB36210F}.AppStore|iPhone.Deploy.0 = Release|x86
		{8088CD90-3527-4F6E-A5E3-DD98EB36210F}.AppStore|iPhoneSimulator.ActiveCfg = Release|x86
		{8088CD90-3527-4F6E-A5E3-DD98EB36210F}.AppStore|iPhoneSimulator.Build.0 = Release|x86
		{8088CD90-3527-4F6E-A5E3-DD98EB36210F}.AppStore|iPhoneSimulator.Deploy.0 = Release|x86
		{8088CD90-3527-4F6E-A5E3-DD98EB36210F}.AppStore|x64.ActiveCfg = Release|x64
		{8088CD90-3527-4F6E-A5E3-DD98EB36210F}.AppStore|x64.Build.0 = Release|x64
		{8088CD90-3527-4F6E-A5E3-DD98EB36210F}.AppStore|x64.Deploy.0 = Release|x64
		{8088CD90-3527-4F6E-A5E3-DD98EB36210F}.AppStore|x86.ActiveCfg = Release|x86
		{8088CD90-3527-4F6E-A5E3-DD98EB36210F}.AppStore|x86.Build.0 = Release|x86
		{8088CD90-3527-4F6E-A5E3-DD98EB36210F}.AppStore|x86.Deploy.0 = Release|x86
		{8088CD90-3527-4F6E-A5E3-DD98EB36210F}.Debug|Any CPU.ActiveCfg = Debug|x86
		{8088CD90-3527-4F6E-A5E3-DD98EB36210F}.Debug|ARM.ActiveCfg = Debug|ARM
		{8088CD90-3527-4F6E-A5E3-DD98EB36210F}.Debug|ARM.Build.0 = Debug|ARM
		{8088CD90-3527-4F6E-A5E3-DD98EB36210F}.Debug|ARM.Deploy.0 = Debug|ARM
		{8088CD90-3527-4F6E-A5E3-DD98EB36210F}.Debug|iPhone.ActiveCfg = Debug|x86
		{8088CD90-3527-4F6E-A5E3-DD98EB36210F}.Debug|iPhoneSimulator.ActiveCfg = Debug|x86
		{8088CD90-3527-4F6E-A5E3-DD98EB36210F}.Debug|x64.ActiveCfg = Debug|x64
		{8088CD90-3527-4F6E-A5E3-DD98EB36210F}.Debug|x64.Build.0 = Debug|x64
		{8088CD90-3527-4F6E-A5E3-DD98EB36210F}.Debug|x64.Deploy.0 = Debug|x64
		{8088CD90-3527-4F6E-A5E3-DD98EB36210F}.Debug|x86.ActiveCfg = Debug|x86
		{8088CD90-3527-4F6E-A5E3-DD98EB36210F}.Debug|x86.Build.0 = Debug|x86
		{8088CD90-3527-4F6E-A5E3-DD98EB36210F}.Debug|x86.Deploy.0 = Debug|x86
		{8088CD90-3527-4F6E-A5E3-DD98EB36210F}.Release|Any CPU.ActiveCfg = Release|x86
		{8088CD90-3527-4F6E-A5E3-DD98EB36210F}.Release|ARM.ActiveCfg = Release|ARM
		{8088CD90-3527-4F6E-A5E3-DD98EB36210F}.Release|ARM.Build.0 = Release|ARM
		{8088CD90-3527-4F6E-A5E3-DD98EB36210F}.Release|ARM.Deploy.0 = Release|ARM
		{8088CD90-3527-4F6E-A5E3-DD98EB36210F}.Release|iPhone.ActiveCfg = Release|x86
		{8088CD90-3527-4F6E-A5E3-DD98EB36210F}.Release|iPhoneSimulator.ActiveCfg = Release|x86
		{8088CD90-3527-4F6E-A5E3-DD98EB36210F}.Release|x64.ActiveCfg = Release|x64
		{8088CD90-3527-4F6E-A5E3-DD98EB36210F}.Release|x64.Build.0 = Release|x64
		{8088CD90-3527-4F6E-A5E3-DD98EB36210F}.Release|x64.Deploy.0 = Release|x64
		{8088CD90-3527-4F6E-A5E3-DD98EB36210F}.Release|x86.ActiveCfg = Release|x86
		{8088CD90-3527-4F6E-A5E3-DD98EB36210F}.Release|x86.Build.0 = Release|x86
		{8088CD90-3527-4F6E-A5E3-DD98EB36210F}.Release|x86.Deploy.0 = Release|x86
		{6BEBF9A7-1161-4E94-A61D-38D0C302D4DA}.Ad-Hoc|Any CPU.ActiveCfg = Ad-Hoc|iPhoneSimulator
		{6BEBF9A7-1161-4E94-A61D-38D0C302D4DA}.Ad-Hoc|ARM.ActiveCfg = Ad-Hoc|iPhone
		{6BEBF9A7-1161-4E94-A61D-38D0C302D4DA}.Ad-Hoc|iPhone.ActiveCfg = Ad-Hoc|iPhone
		{6BEBF9A7-1161-4E94-A61D-38D0C302D4DA}.Ad-Hoc|iPhone.Build.0 = Ad-Hoc|iPhone
		{6BEBF9A7-1161-4E94-A61D-38D0C302D4DA}.Ad-Hoc|iPhoneSimulator.ActiveCfg = Ad-Hoc|iPhoneSimulator
		{6BEBF9A7-1161-4E94-A61D-38D0C302D4DA}.Ad-Hoc|iPhoneSimulator.Build.0 = Ad-Hoc|iPhoneSimulator
		{6BEBF9A7-1161-4E94-A61D-38D0C302D4DA}.Ad-Hoc|x64.ActiveCfg = Ad-Hoc|iPhone
		{6BEBF9A7-1161-4E94-A61D-38D0C302D4DA}.Ad-Hoc|x86.ActiveCfg = Ad-Hoc|iPhone
		{6BEBF9A7-1161-4E94-A61D-38D0C302D4DA}.AppStore|Any CPU.ActiveCfg = AppStore|iPhoneSimulator
		{6BEBF9A7-1161-4E94-A61D-38D0C302D4DA}.AppStore|ARM.ActiveCfg = AppStore|iPhone
		{6BEBF9A7-1161-4E94-A61D-38D0C302D4DA}.AppStore|iPhone.ActiveCfg = AppStore|iPhone
		{6BEBF9A7-1161-4E94-A61D-38D0C302D4DA}.AppStore|iPhone.Build.0 = AppStore|iPhone
		{6BEBF9A7-1161-4E94-A61D-38D0C302D4DA}.AppStore|iPhoneSimulator.ActiveCfg = AppStore|iPhoneSimulator
		{6BEBF9A7-1161-4E94-A61D-38D0C302D4DA}.AppStore|iPhoneSimulator.Build.0 = AppStore|iPhoneSimulator
		{6BEBF9A7-1161-4E94-A61D-38D0C302D4DA}.AppStore|x64.ActiveCfg = AppStore|iPhone
		{6BEBF9A7-1161-4E94-A61D-38D0C302D4DA}.AppStore|x86.ActiveCfg = AppStore|iPhone
		{6BEBF9A7-1161-4E94-A61D-38D0C302D4DA}.Debug|Any CPU.ActiveCfg = Debug|iPhoneSimulator
		{6BEBF9A7-1161-4E94-A61D-38D0C302D4DA}.Debug|ARM.ActiveCfg = Debug|iPhone
		{6BEBF9A7-1161-4E94-A61D-38D0C302D4DA}.Debug|iPhone.ActiveCfg = Debug|iPhone
		{6BEBF9A7-1161-4E94-A61D-38D0C302D4DA}.Debug|iPhone.Build.0 = Debug|iPhone
		{6BEBF9A7-1161-4E94-A61D-38D0C302D4DA}.Debug|iPhoneSimulator.ActiveCfg = Debug|iPhoneSimulator
		{6BEBF9A7-1161-4E94-A61D-38D0C302D4DA}.Debug|iPhoneSimulator.Build.0 = Debug|iPhoneSimulator
		{6BEBF9A7-1161-4E94-A61D-38D0C302D4DA}.Debug|x64.ActiveCfg = Debug|iPhone
		{6BEBF9A7-1161-4E94-A61D-38D0C302D4DA}.Debug|x86.ActiveCfg = Debug|iPhone
		{6BEBF9A7-1161-4E94-A61D-38D0C302D4DA}.Release|Any CPU.ActiveCfg = Release|iPhoneSimulator
		{6BEBF9A7-1161-4E94-A61D-38D0C302D4DA}.Release|ARM.ActiveCfg = Release|iPhone
		{6BEBF9A7-1161-4E94-A61D-38D0C302D4DA}.Release|iPhone.ActiveCfg = Release|iPhone
		{6BEBF9A7-1161-4E94-A61D-38D0C302D4DA}.Release|iPhone.Build.0 = Release|iPhone
		{6BEBF9A7-1161-4E94-A61D-38D0C302D4DA}.Release|iPhoneSimulator.ActiveCfg = Release|iPhoneSimulator
		{6BEBF9A7-1161-4E94-A61D-38D0C302D4DA}.Release|iPhoneSimulator.Build.0 = Release|iPhoneSimulator
		{6BEBF9A7-1161-4E94-A61D-38D0C302D4DA}.Release|x64.ActiveCfg = Release|iPhone
		{6BEBF9A7-1161-4E94-A61D-38D0C302D4DA}.Release|x86.ActiveCfg = Release|iPhone
	EndGlobalSection
	GlobalSection(SolutionProperties) = preSolution
		HideSolutionNode = FALSE
	EndGlobalSection
	GlobalSection(ExtensibilityGlobals) = postSolution
		SolutionGuid = {68DB78CF-B665-4B8B-86D7-983F6497C65A}
	EndGlobalSection
EndGlobal
