
Microsoft Visual Studio Solution File, Format Version 12.00
# Visual Studio 14
VisualStudioVersion = 14.0.25420.1
MinimumVisualStudioVersion = 10.0.40219.1
Project("{D954291E-2A0B-460D-934E-DC6B0785DB48}") = "DeviceInfoXamShared", "DeviceInfoXamShared\DeviceInfoXamShared\DeviceInfoXamShared.shproj", "{B015D62E-65B7-4C5A-8C52-C20B22866BA1}"
EndProject
Project("{FAE04EC0-301F-11D3-BF4B-00C04F79EFBC}") = "DeviceInfoXamShared.Droid", "DeviceInfoXamShared\DeviceInfoXamShared.Droid\DeviceInfoXamShared.Droid.csproj", "{3C355379-1DBF-4F6A-838C-8B57C39EB494}"
EndProject
Project("{FAE04EC0-301F-11D3-BF4B-00C04F79EFBC}") = "DeviceInfoXamShared.iOS", "DeviceInfoXamShared\DeviceInfoXamShared.iOS\DeviceInfoXamShared.iOS.csproj", "{E5E06277-4ABD-4B2E-8B8D-D0656CFD54A5}"
EndProject
Project("{FAE04EC0-301F-11D3-BF4B-00C04F79EFBC}") = "DeviceInfoXamShared.UWP", "DeviceInfoXamShared\DeviceInfoXamShared.UWP\DeviceInfoXamShared.UWP.csproj", "{B4A2F35C-4F37-4F4D-B01B-B47A0DC3A57B}"
EndProject
Global
	GlobalSection(SharedMSBuildProjectFiles) = preSolution
		DeviceInfoXamShared\DeviceInfoXamShared\DeviceInfoXamShared.projitems*{3c355379-1dbf-4f6a-838c-8b57c39eb494}*SharedItemsImports = 4
		DeviceInfoXamShared\DeviceInfoXamShared\DeviceInfoXamShared.projitems*{b015d62e-65b7-4c5a-8c52-c20b22866ba1}*SharedItemsImports = 13
		DeviceInfoXamShared\DeviceInfoXamShared\DeviceInfoXamShared.projitems*{b4a2f35c-4f37-4f4d-b01b-b47a0dc3a57b}*SharedItemsImports = 4
		DeviceInfoXamShared\DeviceInfoXamShared\DeviceInfoXamShared.projitems*{e5e06277-4abd-4b2e-8b8d-d0656cfd54a5}*SharedItemsImports = 4
	EndGlobalSection
	GlobalSection(SolutionConfigurationPlatforms) = preSolution
		Ad-Hoc|Any CPU = Ad-Hoc|Any CPU
		Ad-Hoc|ARM = Ad-Hoc|ARM
		Ad-Hoc|iPhone = Ad-Hoc|iPhone
		Ad-Hoc|iPhoneSimulator = Ad-Hoc|iPhoneSimulator
		Ad-Hoc|x64 = Ad-Hoc|x64
		Ad-Hoc|x86 = Ad-Hoc|x86
		AppStore|Any CPU = AppStore|Any CPU
		AppStore|ARM = AppStore|ARM
		AppStore|iPhone = AppStore|iPhone
		AppStore|iPhoneSimulator = AppStore|iPhoneSimulator
		AppStore|x64 = AppStore|x64
		AppStore|x86 = AppStore|x86
		Debug|Any CPU = Debug|Any CPU
		Debug|ARM = Debug|ARM
		Debug|iPhone = Debug|iPhone
		Debug|iPhoneSimulator = Debug|iPhoneSimulator
		Debug|x64 = Debug|x64
		Debug|x86 = Debug|x86
		Release|Any CPU = Release|Any CPU
		Release|ARM = Release|ARM
		Release|iPhone = Release|iPhone
		Release|iPhoneSimulator = Release|iPhoneSimulator
		Release|x64 = Release|x64
		Release|x86 = Release|x86
	EndGlobalSection
	GlobalSection(ProjectConfigurationPlatforms) = postSolution
		{3C355379-1DBF-4F6A-838C-8B57C39EB494}.Ad-Hoc|Any CPU.ActiveCfg = Release|Any CPU
		{3C355379-1DBF-4F6A-838C-8B57C39EB494}.Ad-Hoc|Any CPU.Build.0 = Release|Any CPU
		{3C355379-1DBF-4F6A-838C-8B57C39EB494}.Ad-Hoc|Any CPU.Deploy.0 = Release|Any CPU
		{3C355379-1DBF-4F6A-838C-8B57C39EB494}.Ad-Hoc|ARM.ActiveCfg = Release|Any CPU
		{3C355379-1DBF-4F6A-838C-8B57C39EB494}.Ad-Hoc|ARM.Build.0 = Release|Any CPU
		{3C355379-1DBF-4F6A-838C-8B57C39EB494}.Ad-Hoc|ARM.Deploy.0 = Release|Any CPU
		{3C355379-1DBF-4F6A-838C-8B57C39EB494}.Ad-Hoc|iPhone.ActiveCfg = Release|Any CPU
		{3C355379-1DBF-4F6A-838C-8B57C39EB494}.Ad-Hoc|iPhone.Build.0 = Release|Any CPU
		{3C355379-1DBF-4F6A-838C-8B57C39EB494}.Ad-Hoc|iPhone.Deploy.0 = Release|Any CPU
		{3C355379-1DBF-4F6A-838C-8B57C39EB494}.Ad-Hoc|iPhoneSimulator.ActiveCfg = Release|Any CPU
		{3C355379-1DBF-4F6A-838C-8B57C39EB494}.Ad-Hoc|iPhoneSimulator.Build.0 = Release|Any CPU
		{3C355379-1DBF-4F6A-838C-8B57C39EB494}.Ad-Hoc|iPhoneSimulator.Deploy.0 = Release|Any CPU
		{3C355379-1DBF-4F6A-838C-8B57C39EB494}.Ad-Hoc|x64.ActiveCfg = Release|Any CPU
		{3C355379-1DBF-4F6A-838C-8B57C39EB494}.Ad-Hoc|x64.Build.0 = Release|Any CPU
		{3C355379-1DBF-4F6A-838C-8B57C39EB494}.Ad-Hoc|x64.Deploy.0 = Release|Any CPU
		{3C355379-1DBF-4F6A-838C-8B57C39EB494}.Ad-Hoc|x86.ActiveCfg = Release|Any CPU
		{3C355379-1DBF-4F6A-838C-8B57C39EB494}.Ad-Hoc|x86.Build.0 = Release|Any CPU
		{3C355379-1DBF-4F6A-838C-8B57C39EB494}.Ad-Hoc|x86.Deploy.0 = Release|Any CPU
		{3C355379-1DBF-4F6A-838C-8B57C39EB494}.AppStore|Any CPU.ActiveCfg = Release|Any CPU
		{3C355379-1DBF-4F6A-838C-8B57C39EB494}.AppStore|Any CPU.Build.0 = Release|Any CPU
		{3C355379-1DBF-4F6A-838C-8B57C39EB494}.AppStore|Any CPU.Deploy.0 = Release|Any CPU
		{3C355379-1DBF-4F6A-838C-8B57C39EB494}.AppStore|ARM.ActiveCfg = Release|Any CPU
		{3C355379-1DBF-4F6A-838C-8B57C39EB494}.AppStore|ARM.Build.0 = Release|Any CPU
		{3C355379-1DBF-4F6A-838C-8B57C39EB494}.AppStore|ARM.Deploy.0 = Release|Any CPU
		{3C355379-1DBF-4F6A-838C-8B57C39EB494}.AppStore|iPhone.ActiveCfg = Release|Any CPU
		{3C355379-1DBF-4F6A-838C-8B57C39EB494}.AppStore|iPhone.Build.0 = Release|Any CPU
		{3C355379-1DBF-4F6A-838C-8B57C39EB494}.AppStore|iPhone.Deploy.0 = Release|Any CPU
		{3C355379-1DBF-4F6A-838C-8B57C39EB494}.AppStore|iPhoneSimulator.ActiveCfg = Release|Any CPU
		{3C355379-1DBF-4F6A-838C-8B57C39EB494}.AppStore|iPhoneSimulator.Build.0 = Release|Any CPU
		{3C355379-1DBF-4F6A-838C-8B57C39EB494}.AppStore|iPhoneSimulator.Deploy.0 = Release|Any CPU
		{3C355379-1DBF-4F6A-838C-8B57C39EB494}.AppStore|x64.ActiveCfg = Release|Any CPU
		{3C355379-1DBF-4F6A-838C-8B57C39EB494}.AppStore|x64.Build.0 = Release|Any CPU
		{3C355379-1DBF-4F6A-838C-8B57C39EB494}.AppStore|x64.Deploy.0 = Release|Any CPU
		{3C355379-1DBF-4F6A-838C-8B57C39EB494}.AppStore|x86.ActiveCfg = Release|Any CPU
		{3C355379-1DBF-4F6A-838C-8B57C39EB494}.AppStore|x86.Build.0 = Release|Any CPU
		{3C355379-1DBF-4F6A-838C-8B57C39EB494}.AppStore|x86.Deploy.0 = Release|Any CPU
		{3C355379-1DBF-4F6A-838C-8B57C39EB494}.Debug|Any CPU.ActiveCfg = Debug|Any CPU
		{3C355379-1DBF-4F6A-838C-8B57C39EB494}.Debug|Any CPU.Build.0 = Debug|Any CPU
		{3C355379-1DBF-4F6A-838C-8B57C39EB494}.Debug|Any CPU.Deploy.0 = Debug|Any CPU
		{3C355379-1DBF-4F6A-838C-8B57C39EB494}.Debug|ARM.ActiveCfg = Debug|Any CPU
		{3C355379-1DBF-4F6A-838C-8B57C39EB494}.Debug|ARM.Build.0 = Debug|Any CPU
		{3C355379-1DBF-4F6A-838C-8B57C39EB494}.Debug|ARM.Deploy.0 = Debug|Any CPU
		{3C355379-1DBF-4F6A-838C-8B57C39EB494}.Debug|iPhone.ActiveCfg = Debug|Any CPU
		{3C355379-1DBF-4F6A-838C-8B57C39EB494}.Debug|iPhone.Build.0 = Debug|Any CPU
		{3C355379-1DBF-4F6A-838C-8B57C39EB494}.Debug|iPhone.Deploy.0 = Debug|Any CPU
		{3C355379-1DBF-4F6A-838C-8B57C39EB494}.Debug|iPhoneSimulator.ActiveCfg = Debug|Any CPU
		{3C355379-1DBF-4F6A-838C-8B57C39EB494}.Debug|iPhoneSimulator.Build.0 = Debug|Any CPU
		{3C355379-1DBF-4F6A-838C-8B57C39EB494}.Debug|iPhoneSimulator.Deploy.0 = Debug|Any CPU
		{3C355379-1DBF-4F6A-838C-8B57C39EB494}.Debug|x64.ActiveCfg = Debug|Any CPU
		{3C355379-1DBF-4F6A-838C-8B57C39EB494}.Debug|x64.Build.0 = Debug|Any CPU
		{3C355379-1DBF-4F6A-838C-8B57C39EB494}.Debug|x64.Deploy.0 = Debug|Any CPU
		{3C355379-1DBF-4F6A-838C-8B57C39EB494}.Debug|x86.ActiveCfg = Debug|Any CPU
		{3C355379-1DBF-4F6A-838C-8B57C39EB494}.Debug|x86.Build.0 = Debug|Any CPU
		{3C355379-1DBF-4F6A-838C-8B57C39EB494}.Debug|x86.Deploy.0 = Debug|Any CPU
		{3C355379-1DBF-4F6A-838C-8B57C39EB494}.Release|Any CPU.ActiveCfg = Release|Any CPU
		{3C355379-1DBF-4F6A-838C-8B57C39EB494}.Release|Any CPU.Build.0 = Release|Any CPU
		{3C355379-1DBF-4F6A-838C-8B57C39EB494}.Release|Any CPU.Deploy.0 = Release|Any CPU
		{3C355379-1DBF-4F6A-838C-8B57C39EB494}.Release|ARM.ActiveCfg = Release|Any CPU
		{3C355379-1DBF-4F6A-838C-8B57C39EB494}.Release|ARM.Build.0 = Release|Any CPU
		{3C355379-1DBF-4F6A-838C-8B57C39EB494}.Release|ARM.Deploy.0 = Release|Any CPU
		{3C355379-1DBF-4F6A-838C-8B57C39EB494}.Release|iPhone.ActiveCfg = Release|Any CPU
		{3C355379-1DBF-4F6A-838C-8B57C39EB494}.Release|iPhone.Build.0 = Release|Any CPU
		{3C355379-1DBF-4F6A-838C-8B57C39EB494}.Release|iPhone.Deploy.0 = Release|Any CPU
		{3C355379-1DBF-4F6A-838C-8B57C39EB494}.Release|iPhoneSimulator.ActiveCfg = Release|Any CPU
		{3C355379-1DBF-4F6A-838C-8B57C39EB494}.Release|iPhoneSimulator.Build.0 = Release|Any CPU
		{3C355379-1DBF-4F6A-838C-8B57C39EB494}.Release|iPhoneSimulator.Deploy.0 = Release|Any CPU
		{3C355379-1DBF-4F6A-838C-8B57C39EB494}.Release|x64.ActiveCfg = Release|Any CPU
		{3C355379-1DBF-4F6A-838C-8B57C39EB494}.Release|x64.Build.0 = Release|Any CPU
		{3C355379-1DBF-4F6A-838C-8B57C39EB494}.Release|x64.Deploy.0 = Release|Any CPU
		{3C355379-1DBF-4F6A-838C-8B57C39EB494}.Release|x86.ActiveCfg = Release|Any CPU
		{3C355379-1DBF-4F6A-838C-8B57C39EB494}.Release|x86.Build.0 = Release|Any CPU
		{3C355379-1DBF-4F6A-838C-8B57C39EB494}.Release|x86.Deploy.0 = Release|Any CPU
		{E5E06277-4ABD-4B2E-8B8D-D0656CFD54A5}.Ad-Hoc|Any CPU.ActiveCfg = Ad-Hoc|iPhone
		{E5E06277-4ABD-4B2E-8B8D-D0656CFD54A5}.Ad-Hoc|ARM.ActiveCfg = Ad-Hoc|iPhone
		{E5E06277-4ABD-4B2E-8B8D-D0656CFD54A5}.Ad-Hoc|iPhone.ActiveCfg = Ad-Hoc|iPhone
		{E5E06277-4ABD-4B2E-8B8D-D0656CFD54A5}.Ad-Hoc|iPhone.Build.0 = Ad-Hoc|iPhone
		{E5E06277-4ABD-4B2E-8B8D-D0656CFD54A5}.Ad-Hoc|iPhoneSimulator.ActiveCfg = Ad-Hoc|iPhoneSimulator
		{E5E06277-4ABD-4B2E-8B8D-D0656CFD54A5}.Ad-Hoc|iPhoneSimulator.Build.0 = Ad-Hoc|iPhoneSimulator
		{E5E06277-4ABD-4B2E-8B8D-D0656CFD54A5}.Ad-Hoc|x64.ActiveCfg = Ad-Hoc|iPhone
		{E5E06277-4ABD-4B2E-8B8D-D0656CFD54A5}.Ad-Hoc|x86.ActiveCfg = Ad-Hoc|iPhone
		{E5E06277-4ABD-4B2E-8B8D-D0656CFD54A5}.AppStore|Any CPU.ActiveCfg = AppStore|iPhone
		{E5E06277-4ABD-4B2E-8B8D-D0656CFD54A5}.AppStore|ARM.ActiveCfg = AppStore|iPhone
		{E5E06277-4ABD-4B2E-8B8D-D0656CFD54A5}.AppStore|iPhone.ActiveCfg = AppStore|iPhone
		{E5E06277-4ABD-4B2E-8B8D-D0656CFD54A5}.AppStore|iPhone.Build.0 = AppStore|iPhone
		{E5E06277-4ABD-4B2E-8B8D-D0656CFD54A5}.AppStore|iPhoneSimulator.ActiveCfg = AppStore|iPhoneSimulator
		{E5E06277-4ABD-4B2E-8B8D-D0656CFD54A5}.AppStore|iPhoneSimulator.Build.0 = AppStore|iPhoneSimulator
		{E5E06277-4ABD-4B2E-8B8D-D0656CFD54A5}.AppStore|x64.ActiveCfg = AppStore|iPhone
		{E5E06277-4ABD-4B2E-8B8D-D0656CFD54A5}.AppStore|x86.ActiveCfg = AppStore|iPhone
		{E5E06277-4ABD-4B2E-8B8D-D0656CFD54A5}.Debug|Any CPU.ActiveCfg = Debug|iPhone
		{E5E06277-4ABD-4B2E-8B8D-D0656CFD54A5}.Debug|ARM.ActiveCfg = Debug|iPhone
		{E5E06277-4ABD-4B2E-8B8D-D0656CFD54A5}.Debug|iPhone.ActiveCfg = Debug|iPhone
		{E5E06277-4ABD-4B2E-8B8D-D0656CFD54A5}.Debug|iPhone.Build.0 = Debug|iPhone
		{E5E06277-4ABD-4B2E-8B8D-D0656CFD54A5}.Debug|iPhoneSimulator.ActiveCfg = Debug|iPhoneSimulator
		{E5E06277-4ABD-4B2E-8B8D-D0656CFD54A5}.Debug|iPhoneSimulator.Build.0 = Debug|iPhoneSimulator
		{E5E06277-4ABD-4B2E-8B8D-D0656CFD54A5}.Debug|x64.ActiveCfg = Debug|iPhone
		{E5E06277-4ABD-4B2E-8B8D-D0656CFD54A5}.Debug|x86.ActiveCfg = Debug|iPhone
		{E5E06277-4ABD-4B2E-8B8D-D0656CFD54A5}.Release|Any CPU.ActiveCfg = Release|iPhone
		{E5E06277-4ABD-4B2E-8B8D-D0656CFD54A5}.Release|ARM.ActiveCfg = Release|iPhone
		{E5E06277-4ABD-4B2E-8B8D-D0656CFD54A5}.Release|iPhone.ActiveCfg = Release|iPhone
		{E5E06277-4ABD-4B2E-8B8D-D0656CFD54A5}.Release|iPhone.Build.0 = Release|iPhone
		{E5E06277-4ABD-4B2E-8B8D-D0656CFD54A5}.Release|iPhoneSimulator.ActiveCfg = Release|iPhoneSimulator
		{E5E06277-4ABD-4B2E-8B8D-D0656CFD54A5}.Release|iPhoneSimulator.Build.0 = Release|iPhoneSimulator
		{E5E06277-4ABD-4B2E-8B8D-D0656CFD54A5}.Release|x64.ActiveCfg = Release|iPhone
		{E5E06277-4ABD-4B2E-8B8D-D0656CFD54A5}.Release|x86.ActiveCfg = Release|iPhone
		{B4A2F35C-4F37-4F4D-B01B-B47A0DC3A57B}.Ad-Hoc|Any CPU.ActiveCfg = Release|x86
		{B4A2F35C-4F37-4F4D-B01B-B47A0DC3A57B}.Ad-Hoc|Any CPU.Build.0 = Release|x86
		{B4A2F35C-4F37-4F4D-B01B-B47A0DC3A57B}.Ad-Hoc|Any CPU.Deploy.0 = Release|x86
		{B4A2F35C-4F37-4F4D-B01B-B47A0DC3A57B}.Ad-Hoc|ARM.ActiveCfg = Release|ARM
		{B4A2F35C-4F37-4F4D-B01B-B47A0DC3A57B}.Ad-Hoc|ARM.Build.0 = Release|ARM
		{B4A2F35C-4F37-4F4D-B01B-B47A0DC3A57B}.Ad-Hoc|ARM.Deploy.0 = Release|ARM
		{B4A2F35C-4F37-4F4D-B01B-B47A0DC3A57B}.Ad-Hoc|iPhone.ActiveCfg = Release|x86
		{B4A2F35C-4F37-4F4D-B01B-B47A0DC3A57B}.Ad-Hoc|iPhone.Build.0 = Release|x86
		{B4A2F35C-4F37-4F4D-B01B-B47A0DC3A57B}.Ad-Hoc|iPhone.Deploy.0 = Release|x86
		{B4A2F35C-4F37-4F4D-B01B-B47A0DC3A57B}.Ad-Hoc|iPhoneSimulator.ActiveCfg = Release|x86
		{B4A2F35C-4F37-4F4D-B01B-B47A0DC3A57B}.Ad-Hoc|iPhoneSimulator.Build.0 = Release|x86
		{B4A2F35C-4F37-4F4D-B01B-B47A0DC3A57B}.Ad-Hoc|iPhoneSimulator.Deploy.0 = Release|x86
		{B4A2F35C-4F37-4F4D-B01B-B47A0DC3A57B}.Ad-Hoc|x64.ActiveCfg = Release|x64
		{B4A2F35C-4F37-4F4D-B01B-B47A0DC3A57B}.Ad-Hoc|x64.Build.0 = Release|x64
		{B4A2F35C-4F37-4F4D-B01B-B47A0DC3A57B}.Ad-Hoc|x64.Deploy.0 = Release|x64
		{B4A2F35C-4F37-4F4D-B01B-B47A0DC3A57B}.Ad-Hoc|x86.ActiveCfg = Release|x86
		{B4A2F35C-4F37-4F4D-B01B-B47A0DC3A57B}.Ad-Hoc|x86.Build.0 = Release|x86
		{B4A2F35C-4F37-4F4D-B01B-B47A0DC3A57B}.Ad-Hoc|x86.Deploy.0 = Release|x86
		{B4A2F35C-4F37-4F4D-B01B-B47A0DC3A57B}.AppStore|Any CPU.ActiveCfg = Release|x86
		{B4A2F35C-4F37-4F4D-B01B-B47A0DC3A57B}.AppStore|Any CPU.Build.0 = Release|x86
		{B4A2F35C-4F37-4F4D-B01B-B47A0DC3A57B}.AppStore|Any CPU.Deploy.0 = Release|x86
		{B4A2F35C-4F37-4F4D-B01B-B47A0DC3A57B}.AppStore|ARM.ActiveCfg = Release|ARM
		{B4A2F35C-4F37-4F4D-B01B-B47A0DC3A57B}.AppStore|ARM.Build.0 = Release|ARM
		{B4A2F35C-4F37-4F4D-B01B-B47A0DC3A57B}.AppStore|ARM.Deploy.0 = Release|ARM
		{B4A2F35C-4F37-4F4D-B01B-B47A0DC3A57B}.AppStore|iPhone.ActiveCfg = Release|x86
		{B4A2F35C-4F37-4F4D-B01B-B47A0DC3A57B}.AppStore|iPhone.Build.0 = Release|x86
		{B4A2F35C-4F37-4F4D-B01B-B47A0DC3A57B}.AppStore|iPhone.Deploy.0 = Release|x86
		{B4A2F35C-4F37-4F4D-B01B-B47A0DC3A57B}.AppStore|iPhoneSimulator.ActiveCfg = Release|x86
		{B4A2F35C-4F37-4F4D-B01B-B47A0DC3A57B}.AppStore|iPhoneSimulator.Build.0 = Release|x86
		{B4A2F35C-4F37-4F4D-B01B-B47A0DC3A57B}.AppStore|iPhoneSimulator.Deploy.0 = Release|x86
		{B4A2F35C-4F37-4F4D-B01B-B47A0DC3A57B}.AppStore|x64.ActiveCfg = Release|x64
		{B4A2F35C-4F37-4F4D-B01B-B47A0DC3A57B}.AppStore|x64.Build.0 = Release|x64
		{B4A2F35C-4F37-4F4D-B01B-B47A0DC3A57B}.AppStore|x64.Deploy.0 = Release|x64
		{B4A2F35C-4F37-4F4D-B01B-B47A0DC3A57B}.AppStore|x86.ActiveCfg = Release|x86
		{B4A2F35C-4F37-4F4D-B01B-B47A0DC3A57B}.AppStore|x86.Build.0 = Release|x86
		{B4A2F35C-4F37-4F4D-B01B-B47A0DC3A57B}.AppStore|x86.Deploy.0 = Release|x86
		{B4A2F35C-4F37-4F4D-B01B-B47A0DC3A57B}.Debug|Any CPU.ActiveCfg = Debug|x86
		{B4A2F35C-4F37-4F4D-B01B-B47A0DC3A57B}.Debug|Any CPU.Build.0 = Debug|x86
		{B4A2F35C-4F37-4F4D-B01B-B47A0DC3A57B}.Debug|Any CPU.Deploy.0 = Debug|x86
		{B4A2F35C-4F37-4F4D-B01B-B47A0DC3A57B}.Debug|ARM.ActiveCfg = Debug|ARM
		{B4A2F35C-4F37-4F4D-B01B-B47A0DC3A57B}.Debug|ARM.Build.0 = Debug|ARM
		{B4A2F35C-4F37-4F4D-B01B-B47A0DC3A57B}.Debug|ARM.Deploy.0 = Debug|ARM
		{B4A2F35C-4F37-4F4D-B01B-B47A0DC3A57B}.Debug|iPhone.ActiveCfg = Debug|x86
		{B4A2F35C-4F37-4F4D-B01B-B47A0DC3A57B}.Debug|iPhoneSimulator.ActiveCfg = Debug|x86
		{B4A2F35C-4F37-4F4D-B01B-B47A0DC3A57B}.Debug|x64.ActiveCfg = Debug|x64
		{B4A2F35C-4F37-4F4D-B01B-B47A0DC3A57B}.Debug|x64.Build.0 = Debug|x64
		{B4A2F35C-4F37-4F4D-B01B-B47A0DC3A57B}.Debug|x64.Deploy.0 = Debug|x64
		{B4A2F35C-4F37-4F4D-B01B-B47A0DC3A57B}.Debug|x86.ActiveCfg = Debug|x86
		{B4A2F35C-4F37-4F4D-B01B-B47A0DC3A57B}.Debug|x86.Build.0 = Debug|x86
		{B4A2F35C-4F37-4F4D-B01B-B47A0DC3A57B}.Debug|x86.Deploy.0 = Debug|x86
		{B4A2F35C-4F37-4F4D-B01B-B47A0DC3A57B}.Release|Any CPU.ActiveCfg = Release|x86
		{B4A2F35C-4F37-4F4D-B01B-B47A0DC3A57B}.Release|ARM.ActiveCfg = Release|ARM
		{B4A2F35C-4F37-4F4D-B01B-B47A0DC3A57B}.Release|ARM.Build.0 = Release|ARM
		{B4A2F35C-4F37-4F4D-B01B-B47A0DC3A57B}.Release|ARM.Deploy.0 = Release|ARM
		{B4A2F35C-4F37-4F4D-B01B-B47A0DC3A57B}.Release|iPhone.ActiveCfg = Release|x86
		{B4A2F35C-4F37-4F4D-B01B-B47A0DC3A57B}.Release|iPhoneSimulator.ActiveCfg = Release|x86
		{B4A2F35C-4F37-4F4D-B01B-B47A0DC3A57B}.Release|x64.ActiveCfg = Release|x64
		{B4A2F35C-4F37-4F4D-B01B-B47A0DC3A57B}.Release|x64.Build.0 = Release|x64
		{B4A2F35C-4F37-4F4D-B01B-B47A0DC3A57B}.Release|x64.Deploy.0 = Release|x64
		{B4A2F35C-4F37-4F4D-B01B-B47A0DC3A57B}.Release|x86.ActiveCfg = Release|x86
		{B4A2F35C-4F37-4F4D-B01B-B47A0DC3A57B}.Release|x86.Build.0 = Release|x86
		{B4A2F35C-4F37-4F4D-B01B-B47A0DC3A57B}.Release|x86.Deploy.0 = Release|x86
	EndGlobalSection
	GlobalSection(SolutionProperties) = preSolution
		HideSolutionNode = FALSE
	EndGlobalSection
EndGlobal
